
Microsoft Visual Studio Solution File, Format Version 12.00
# Visual Studio Version 16
VisualStudioVersion = 16.0.33214.272
MinimumVisualStudioVersion = 10.0.40219.1
Project("{FAE04EC0-301F-11D3-BF4B-00C04F79EFBC}") = "Aula04AppBanco", "Aula04AppBanco\Aula04AppBanco.csproj", "{8D5CEEE9-E78E-407A-9AD8-7A390296853D}"
EndProject
Global
	GlobalSection(SolutionConfigurationPlatforms) = preSolution
		Debug|Any CPU = Debug|Any CPU
		Release|Any CPU = Release|Any CPU
	EndGlobalSection
	GlobalSection(ProjectConfigurationPlatforms) = postSolution
		{8D5CEEE9-E78E-407A-9AD8-7A390296853D}.Debug|Any CPU.ActiveCfg = Debug|Any CPU
		{8D5CEEE9-E78E-407A-9AD8-7A390296853D}.Debug|Any CPU.Build.0 = Debug|Any CPU
		{8D5CEEE9-E78E-407A-9AD8-7A390296853D}.Release|Any CPU.ActiveCfg = Release|Any CPU
		{8D5CEEE9-E78E-407A-9AD8-7A390296853D}.Release|Any CPU.Build.0 = Release|Any CPU
	EndGlobalSection
	GlobalSection(SolutionProperties) = preSolution
		HideSolutionNode = FALSE
	EndGlobalSection
	GlobalSection(ExtensibilityGlobals) = postSolution
		SolutionGuid = {7FFCEF57-55B7-419A-B021-5F9274911787}
	EndGlobalSection
EndGlobal
